lockfile_version: 1
permit0_pack: permit0/email
pack_version: 0.4.0
pack_format: 2
generated_at: 2026-05-25T16:35:45Z
files:
- path: normalizers/gmail/_source.yaml
  sha256: a0c2e6f81b38a06347523e2208766d173a74ce9d4f35f9d4a40c4600fa89d5d1
  size: 698
- path: normalizers/gmail/add_delegate.yaml
  sha256: 3eed0a674a804cdba1049005b6a82c6df651fd8b974adf5f4a8cdbc3c7ea382a
  size: 399
- path: normalizers/gmail/aliases.yaml
  sha256: 093c4831d40790ab6147278a23448282b72cd0ba7af025ade4073cfb7d49cb1c
  size: 4121
- path: normalizers/gmail/archive.yaml
  sha256: a9cf85342830bf1d4cb03cbf2628ba8cddd856b578ae943a775d0ecac53b44f7
  size: 315
- path: normalizers/gmail/create_mailbox.yaml
  sha256: 3c7b4b225ff9790e3e7c69b5af586f526b2e0da78539a9d4a8f04307f5083abe
  size: 389
- path: normalizers/gmail/delete.yaml
  sha256: 5143698f6e05e9f71b9ba651a7a0dbe00a2620d056b3eca1ede31bf39b9b3633
  size: 311
- path: normalizers/gmail/draft.yaml
  sha256: 2c27980f314bfa801b41a497eb87998c0e00ea7c29bc74697d69334f2cb78f2a
  size: 604
- path: normalizers/gmail/flag.yaml
  sha256: 8341e2bc7ea7afc196721d96aacd4545d224ed112434a309fbcb46b6ef968b2e
  size: 381
- path: normalizers/gmail/list_drafts.yaml
  sha256: cdc9e694f2dde90815b5ea137954dc69ac83d5d74b0815ef8b56e43a0dfd5d59
  size: 377
- path: normalizers/gmail/list_mailboxes.yaml
  sha256: 7f4c15c9a03bcbd9edba79e2ee691aa1986aac8893027b82d28c8f639c7abf95
  size: 240
- path: normalizers/gmail/mark_read.yaml
  sha256: 3722f86b6ebd5b9f3f1a53cbaea9bd4723e8b12b5b29f45eb0dfe90a1389875b
  size: 415
- path: normalizers/gmail/mark_spam.yaml
  sha256: cde4b87db7b1bddc6c8e29d9834ae071bf8fc4e7e5ea24f1bbdc1aca4f001707
  size: 323
- path: normalizers/gmail/move.yaml
  sha256: ae1f16a9b3cbfd472394043f08da7b5472ef882332efeb68f6d577aacc2540e5
  size: 772
- path: normalizers/gmail/read.yaml
  sha256: a5ed894738a3479ab4489ad25554ae1296fa9254a1c22a238cbfbbc9f1e2e54f
  size: 303
- path: normalizers/gmail/read_thread.yaml
  sha256: 2314ad221abbcf23e55d619b3bb6435109be5b3b0c712ccd1b5c9f033c29bec0
  size: 621
- path: normalizers/gmail/search.yaml
  sha256: 18a9921f77da3d62b600e9afb4beb482b77f7a280a2b490d8a48bd418ada6fcd
  size: 253
- path: normalizers/gmail/send.yaml
  sha256: 4dbbfbc1ae80fe894cad38b21affa994cf18dbfe4c3fe13b2eba5c0cd0657dca
  size: 1020
- path: normalizers/gmail/set_forwarding.yaml
  sha256: 6162882c80e5e3c11109ec33205d04d6214e5db75f4f1b914c7280c19071173a
  size: 405
- path: normalizers/outlook/_source.yaml
  sha256: 8d94f414b033362f32f9d149941cc922e48d45bfd94d2f356fd3861515b9403a
  size: 385
- path: normalizers/outlook/add_delegate.yaml
  sha256: 7ad751e09e60a10052e123b77f7eeaee76486778da0d6bf20d575f89703e008a
  size: 399
- path: normalizers/outlook/aliases.yaml
  sha256: bb39eb66d89acfdca5445e80d9c065339949126735a99e06c4f1b990265f4453
  size: 1020
- path: normalizers/outlook/archive.yaml
  sha256: 0444dc03ba1f0d1938da32bb60d85ec7cfa51add205c6fff35052729c8602336
  size: 298
- path: normalizers/outlook/create_mailbox.yaml
  sha256: 986bf4ff7c471425b0903c1c1aae5a168acc46961417aad241cf573bd374f5f8
  size: 410
- path: normalizers/outlook/delete.yaml
  sha256: c80751a03ec55f533957027c89013dee34c7f0796297b9ea389b50b408ce80f7
  size: 294
- path: normalizers/outlook/draft.yaml
  sha256: 757c98ae4eb48b6e6f5da67e53f39537e94eebc20734879e5c6773415a8cad81
  size: 610
- path: normalizers/outlook/flag.yaml
  sha256: 107ecf2c69dcc19a68cd6d9a33c8143f883092f8327a1f10132e6c3f5ec1cdca
  size: 364
- path: normalizers/outlook/list_drafts.yaml
  sha256: e07007ef6e5d48a8c7b379fe986eceb707182ffe710c1b25d2d1a6873c14b108
  size: 512
- path: normalizers/outlook/list_mailboxes.yaml
  sha256: 53d37de19e55da79278808e5a9cd95866540bc106a04a4b509933ab631730afd
  size: 246
- path: normalizers/outlook/mark_read.yaml
  sha256: ecd7634c08ad91635772dec392824ad77569deae1bb60ae76c26e7094e3fbbf1
  size: 398
- path: normalizers/outlook/mark_spam.yaml
  sha256: 5acc9bf358deb3a84fa6194c744bdbd2e094b8054d0a86cc03acf59f2cf5b913
  size: 306
- path: normalizers/outlook/move.yaml
  sha256: 139a3fb880fa68f978b7b6ed94620b0edaf0e2b489a10377c948f4984d039c5c
  size: 369
- path: normalizers/outlook/read.yaml
  sha256: 73a80404236f9e8cb72311ee926b50b8ebea7dd56c266b4399c6d82af74900e8
  size: 286
- path: normalizers/outlook/read_thread.yaml
  sha256: a209a20e5ca5530161625c277287679b89f0d011264743c88de4b8b9b69941e9
  size: 318
- path: normalizers/outlook/search.yaml
  sha256: 7a5953fcc518ac94d7086eb7e298d08fab8664a05df5468d6eae557a82f6752c
  size: 263
- path: normalizers/outlook/send.yaml
  sha256: 840e3f1ea0f4e2acabac5462aa44d362f2b95e0fe2558fc945887c9d26567400
  size: 1026
- path: normalizers/outlook/set_forwarding.yaml
  sha256: cb4a9a2ee792f5a8e83a26eaec7868ba119c44806dff5ca57216cdcc3d7f21f8
  size: 413
- path: pack.yaml
  sha256: 1284b86d134723644dc8877961274dd696790b9a3660c9406a0d46d31c5c26c5
  size: 2162
- path: risk_rules/add_delegate.yaml
  sha256: c61f5237f02c03702b5087044a8de0d47dc169e341dca3de59bbbf9af91518cc
  size: 469
- path: risk_rules/archive.yaml
  sha256: 6e161250fe65eb74ab187f0fca2fc889f24097ab887c0bae3a1f581887465962
  size: 508
- path: risk_rules/create_mailbox.yaml
  sha256: 19aa4619a0b83c50fcdedbf19202200af01ea26921373ac1284ed02636ce8abc
  size: 294
- path: risk_rules/delete.yaml
  sha256: 40fd008f500f139b72efcd758aab2fd104feeb4be66e39f5b0a8f2acdfcfd284
  size: 570
- path: risk_rules/draft.yaml
  sha256: 52ae7430a4ac0fb104cc0ec749b90e59a671cdc8182fdc4976c24a0ec58c0416
  size: 562
- path: risk_rules/flag.yaml
  sha256: afffdb6b40d5c7a0ba4ca7d343abfcad94494470f885942eb92dfb5878d1ca5d
  size: 377
- path: risk_rules/list_drafts.yaml
  sha256: d9af4baffbf53bc0e7554dccbc0f463a9eedd6e729d0ba56bff33f9d819b4df3
  size: 635
- path: risk_rules/list_mailboxes.yaml
  sha256: c6549b481f2fa48f03a1a2a4dd35c3fcc25ef661a643ad2286726b64a7eb1388
  size: 180
- path: risk_rules/mark_read.yaml
  sha256: 312801cea95ec215a8efafe5dcec9957a80dd83a4e462bcc9e088d7ea9adfce8
  size: 213
- path: risk_rules/mark_spam.yaml
  sha256: e4ce6a7b517cacf79b387f7d51b49a25e66afb2b421bc9cc4247ebd12b88560e
  size: 493
- path: risk_rules/move.yaml
  sha256: 3e002c79816da49b587f588d0037b18cf394648ea574d0e9eea8ae935f641a48
  size: 797
- path: risk_rules/read.yaml
  sha256: 7a1cd795c856131d4e518fa2223b9376704b7df938b56b0c05c1918cf6762621
  size: 424
- path: risk_rules/read_thread.yaml
  sha256: df1d58e3b080304396fd9febf18142be831a9520c9d304e7fdf8c5d475904745
  size: 510
- path: risk_rules/search.yaml
  sha256: 757e3b4cff0a9f2723be6e2ec9919fedd4a3f10e49b1eb5a8c6fe069e846cffa
  size: 360
- path: risk_rules/send.yaml
  sha256: deb602578d0dc775979c9d171fe7ad5feb50398e9a5564cf533163eded6dd700
  size: 3801
- path: risk_rules/set_forwarding.yaml
  sha256: 2050a804ab5b8dafe25429bb580ba5fcad2fef4dbc2eb3771358715807c83f5f
  size: 539
