lockfile_version: 1
permit0_pack: permit0/email
pack_version: 0.4.0
pack_format: 2
generated_at: 2026-05-10T20:07:39Z
files:
- path: normalizers/gmail/_channel.yaml
  sha256: eab5d02a787d943e55a2c105207a2510d3436907e5e7d0417a201e088f30d7ab
  size: 697
- path: normalizers/gmail/add_delegate.yaml
  sha256: e0ff3849c03915f7b05504360a1eaf27eb0b1848077843373437c551d41719bd
  size: 398
- path: normalizers/gmail/aliases.yaml
  sha256: 093c4831d40790ab6147278a23448282b72cd0ba7af025ade4073cfb7d49cb1c
  size: 4121
- path: normalizers/gmail/archive.yaml
  sha256: 7c46530528c1c65c67dd023b9acc93d061661de7088a95c4c367c16222087b08
  size: 314
- path: normalizers/gmail/create_mailbox.yaml
  sha256: b976e05191c9f7289f8613d67aa85c340c1f3f730be8e30d925a1d6d0f780165
  size: 388
- path: normalizers/gmail/delete.yaml
  sha256: f49998eb11a019a2d1780407e00cb878d445062f71a611221ecb569736481ba8
  size: 310
- path: normalizers/gmail/draft.yaml
  sha256: 9a47938a79109b41076efb77da9dc3d7b6b81111f7e882657dbac1d5d9b6a95c
  size: 603
- path: normalizers/gmail/flag.yaml
  sha256: 92b9749e0cf2b9fc012a107ba8a7056a526283cfc445267316fea501c3a22a34
  size: 380
- path: normalizers/gmail/list_drafts.yaml
  sha256: 1b0e918af4c12a50a7fd89ae2c27fea9d4aa9f6f2f5fe1acf27e8b0857cbae55
  size: 376
- path: normalizers/gmail/list_mailboxes.yaml
  sha256: 63b0a2c20e39833c17cb8827768b5a40c8c6555cbd18b5085de3c2441f10a0c2
  size: 239
- path: normalizers/gmail/mark_read.yaml
  sha256: 0698040174b4bf9820742064a68a023bc51f06e886504c56a6f508e1b81a3216
  size: 414
- path: normalizers/gmail/mark_spam.yaml
  sha256: a95c4ef158531bec31714a1192226cdf956bef2e5b75f318230137d41e6b56e2
  size: 322
- path: normalizers/gmail/move.yaml
  sha256: 3d94bfcb35eec453f8f85b7478ea7219318e89ca4f8637c4987897eaaf0373ed
  size: 771
- path: normalizers/gmail/read.yaml
  sha256: 50a3855421102f9b9e840163b6b9fcbf0bdb3201284d33165e974ccf4e469b75
  size: 302
- path: normalizers/gmail/read_thread.yaml
  sha256: 661a75b15e327c33f655f5fa159b54da9ded0ba22a92525caaa4cb7d97c173b6
  size: 620
- path: normalizers/gmail/search.yaml
  sha256: b7993b97b3952c2d86de2dab54f57d2a91b1188943398f8aeda6bd358d7564c9
  size: 252
- path: normalizers/gmail/send.yaml
  sha256: 70c9b0bcfc7d2283d543ecec55684f576c5eacc99c05e7912823dec57807af39
  size: 1019
- path: normalizers/gmail/set_forwarding.yaml
  sha256: dd1741f9f0d9c189b089ad7e0b1b47388de548f89218d448f1d06308a8205c94
  size: 404
- path: normalizers/outlook/_channel.yaml
  sha256: 728fb1f59ce22f71f767c822ed6d3de4e5cdcb68390cd8a80b0b8f58e6700a17
  size: 384
- path: normalizers/outlook/add_delegate.yaml
  sha256: a8ca8f4428e92c6a8217ee5604a6646ced5c4954ad4fa0dc8b3334e87421364b
  size: 398
- path: normalizers/outlook/aliases.yaml
  sha256: bb39eb66d89acfdca5445e80d9c065339949126735a99e06c4f1b990265f4453
  size: 1020
- path: normalizers/outlook/archive.yaml
  sha256: 8fdabe5730c0b9ad014472f4a0cefa29955e04f8d685f7792e524c3d87559372
  size: 297
- path: normalizers/outlook/create_mailbox.yaml
  sha256: 4a75bc53434b4494e09425b09e4456795e8c15a9f7259aa783a8ab04bbc42b9f
  size: 409
- path: normalizers/outlook/delete.yaml
  sha256: 7a512e170ab15116644a7ccbde84c0b1cff22f4898694d6446b88feadc1ce8c2
  size: 293
- path: normalizers/outlook/draft.yaml
  sha256: 36010f647d3949bafb423701e9730399a0d0235101a1d6ae98d2726c6ffcdc77
  size: 609
- path: normalizers/outlook/flag.yaml
  sha256: dc3c0880eecc29adbcf3d98f3ec50b68ad7cdd98263b38ee42c9c6a63a31a3ee
  size: 363
- path: normalizers/outlook/list_drafts.yaml
  sha256: 39c4ae1267c660806b3e8aa27654e59dd0d5e256ad949684a733afbe32bc635b
  size: 511
- path: normalizers/outlook/list_mailboxes.yaml
  sha256: 9c3fd2db28f90096fce3c0182d6dc9bbb8d2da8ca1f8aa7111100bd6989d458b
  size: 245
- path: normalizers/outlook/mark_read.yaml
  sha256: 0045919bac68c01f58437381781dfad4ff219ef261d2a6320aa20b1a8d8e9a6d
  size: 397
- path: normalizers/outlook/mark_spam.yaml
  sha256: 47b4037f87b702e1e30a7c8ed0f85bb631a0d1e6345e9db6a476cb79813a4585
  size: 305
- path: normalizers/outlook/move.yaml
  sha256: 9336c0d99d84f07b8a23b194ab0ae1455669e0cf4067daba75aeb2ffcffdd202
  size: 368
- path: normalizers/outlook/read.yaml
  sha256: ca93e547dbeea0c0801cd7a4173eaaf4e395a401eefadd25202281fd829727c9
  size: 285
- path: normalizers/outlook/read_thread.yaml
  sha256: e7b98d94dd7c65c64c966c8a5eca93a67e530990a04cad1b3f8772cb9ba8c652
  size: 317
- path: normalizers/outlook/search.yaml
  sha256: f1545f829a09415e65ed66112f05d398c0d37c75acda84862516ce164ea2ecf2
  size: 262
- path: normalizers/outlook/send.yaml
  sha256: 6332aff2f3b4f2d5a360dc6aeec13c2cb01802298fa3d957c6cd5c2ee4fda96a
  size: 1025
- path: normalizers/outlook/set_forwarding.yaml
  sha256: b5174f73a8d65075f9ad6efe6aacb8d04167142a02fcdf26531e286fd04b7411
  size: 412
- path: pack.yaml
  sha256: bc54a08366c9212c1acd293820711d77ff3893412a21a55353d59736e8ddbc05
  size: 2159
- path: risk_rules/add_delegate.yaml
  sha256: c61f5237f02c03702b5087044a8de0d47dc169e341dca3de59bbbf9af91518cc
  size: 469
- path: risk_rules/archive.yaml
  sha256: 6e161250fe65eb74ab187f0fca2fc889f24097ab887c0bae3a1f581887465962
  size: 508
- path: risk_rules/create_mailbox.yaml
  sha256: 19aa4619a0b83c50fcdedbf19202200af01ea26921373ac1284ed02636ce8abc
  size: 294
- path: risk_rules/delete.yaml
  sha256: f388c562e06573e4e3b0efebc6ab5950acc389e078a5329dc9a7f9dec2db65f1
  size: 612
- path: risk_rules/draft.yaml
  sha256: 52ae7430a4ac0fb104cc0ec749b90e59a671cdc8182fdc4976c24a0ec58c0416
  size: 562
- path: risk_rules/flag.yaml
  sha256: afffdb6b40d5c7a0ba4ca7d343abfcad94494470f885942eb92dfb5878d1ca5d
  size: 377
- path: risk_rules/list_drafts.yaml
  sha256: d9af4baffbf53bc0e7554dccbc0f463a9eedd6e729d0ba56bff33f9d819b4df3
  size: 635
- path: risk_rules/list_mailboxes.yaml
  sha256: c6549b481f2fa48f03a1a2a4dd35c3fcc25ef661a643ad2286726b64a7eb1388
  size: 180
- path: risk_rules/mark_read.yaml
  sha256: 312801cea95ec215a8efafe5dcec9957a80dd83a4e462bcc9e088d7ea9adfce8
  size: 213
- path: risk_rules/mark_spam.yaml
  sha256: e4ce6a7b517cacf79b387f7d51b49a25e66afb2b421bc9cc4247ebd12b88560e
  size: 493
- path: risk_rules/move.yaml
  sha256: 3e002c79816da49b587f588d0037b18cf394648ea574d0e9eea8ae935f641a48
  size: 797
- path: risk_rules/read.yaml
  sha256: 7a1cd795c856131d4e518fa2223b9376704b7df938b56b0c05c1918cf6762621
  size: 424
- path: risk_rules/read_thread.yaml
  sha256: df1d58e3b080304396fd9febf18142be831a9520c9d304e7fdf8c5d475904745
  size: 510
- path: risk_rules/search.yaml
  sha256: 757e3b4cff0a9f2723be6e2ec9919fedd4a3f10e49b1eb5a8c6fe069e846cffa
  size: 360
- path: risk_rules/send.yaml
  sha256: f9b925ca8d2ceccef9eaba50131a7a3e81cd12dd767eb775f55c64b27a22ae22
  size: 3798
- path: risk_rules/set_forwarding.yaml
  sha256: 2050a804ab5b8dafe25429bb580ba5fcad2fef4dbc2eb3771358715807c83f5f
  size: 539
